
Microsoft Visual Studio Solution File, Format Version 12.00
# Visual Studio Version 17
VisualStudioVersion = 17.8.34511.84
MinimumVisualStudioVersion = 10.0.40219.1
Project("{FAE04EC0-301F-11D3-BF4B-00C04F79EFBC}") = "CommandDesignPattern", "CommandDesignPattern\CommandDesignPattern.csproj", "{2ED2F9E2-9E4D-482A-9E54-01EFC093A0B1}"
EndProject
Global
	GlobalSection(SolutionConfigurationPlatforms) = preSolution
		Debug|Any CPU = Debug|Any CPU
		Release|Any CPU = Release|Any CPU
	EndGlobalSection
	GlobalSection(ProjectConfigurationPlatforms) = postSolution
		{2ED2F9E2-9E4D-482A-9E54-01EFC093A0B1}.Debug|Any CPU.ActiveCfg = Debug|Any CPU
		{2ED2F9E2-9E4D-482A-9E54-01EFC093A0B1}.Debug|Any CPU.Build.0 = Debug|Any CPU
		{2ED2F9E2-9E4D-482A-9E54-01EFC093A0B1}.Release|Any CPU.ActiveCfg = Release|Any CPU
		{2ED2F9E2-9E4D-482A-9E54-01EFC093A0B1}.Release|Any CPU.Build.0 = Release|Any CPU
	EndGlobalSection
	GlobalSection(SolutionProperties) = preSolution
		HideSolutionNode = FALSE
	EndGlobalSection
	GlobalSection(ExtensibilityGlobals) = postSolution
		SolutionGuid = {4F479548-32AE-4A49-9A0C-262EA97EA703}
	EndGlobalSection
EndGlobal
